{
  "nodes": {
    "androidPkgs": {
      "inputs": {
        "flake-utils": "flake-utils",
        "nixpkgs": "nixpkgs_3"
      },
      "locked": {
        "lastModified": 1623960850,
        "narHash": "sha256-mh2sqnweuITV4kFIK6a8wEeeY999DIHLrFE8dU2JiTM=",
        "owner": "tadfisher",
        "repo": "android-nixpkgs",
        "rev": "a68fee88e480673ac0cd4de9113ad222ae8efc5a",
        "type": "github"
      },
      "original": {
        "owner": "tadfisher",
        "ref": "stable",
        "repo": "android-nixpkgs",
        "type": "github"
      }
    },
    "deploy-rs": {
      "inputs": {
        "flake-compat": "flake-compat",
        "naersk": "naersk",
        "nixpkgs": "nixpkgs",
        "utils": "utils"
      },
      "locked": {
        "lastModified": 1625248509,
        "narHash": "sha256-G721I9brAMCkZKXIFsgOQ1JCZ9Rj9DM7QSm0pvpQldc=",
        "owner": "serokell",
        "repo": "deploy-rs",
        "rev": "364ef202e400e4c941e18833ca38fa848ac5a148",
        "type": "github"
      },
      "original": {
        "owner": "serokell",
        "repo": "deploy-rs",
        "type": "github"
      }
    },
    "flake-compat": {
      "flake": false,
      "locked": {
        "lastModified": 1606424373,
        "narHash": "sha256-oq8d4//CJOrVj+EcOaSXvMebvuTkmBJuT5tzlfewUnQ=",
        "owner": "edolstra",
        "repo": "flake-compat",
        "rev": "99f1c2157fba4bfe6211a321fd0ee43199025dbf",
        "type": "github"
      },
      "original": {
        "owner": "edolstra",
        "repo": "flake-compat",
        "type": "github"
      }
    },
    "flake-utils": {
      "locked": {
        "lastModified": 1614513358,
        "narHash": "sha256-LakhOx3S1dRjnh0b5Dg3mbZyH0ToC9I8Y2wKSkBaTzU=",
        "owner": "numtide",
        "repo": "flake-utils",
        "rev": "5466c5bbece17adaab2d82fae80b46e807611bf3",
        "type": "github"
      },
      "original": {
        "owner": "numtide",
        "repo": "flake-utils",
        "type": "github"
      }
    },
    "home-manager": {
      "inputs": {
        "nixpkgs": [
          "nixpkgs"
        ]
      },
      "locked": {
        "lastModified": 1625384440,
        "narHash": "sha256-WnDK+LZioER6eeC8Sm7GPvbiS6XPyUqn+qtc2lvjLHo=",
        "owner": "nix-community",
        "repo": "home-manager",
        "rev": "ac319fd3149b23a3ad8ee24cb2def6e67acf194c",
        "type": "github"
      },
      "original": {
        "owner": "nix-community",
        "repo": "home-manager",
        "type": "github"
      }
    },
    "naersk": {
      "inputs": {
        "nixpkgs": [
          "nixpkgs"
        ]
      },
      "locked": {
        "lastModified": 1622810282,
        "narHash": "sha256-4wmvM3/xfD0hCdNDIXVzRMfL4yB1J+DjH6Zte2xbAxk=",
        "owner": "nmattia",
        "repo": "naersk",
        "rev": "e8061169e1495871b56be97c5c51d310fae01374",
        "type": "github"
      },
      "original": {
        "owner": "nmattia",
        "ref": "master",
        "repo": "naersk",
        "type": "github"
      }
    },
    "nixpkgs": {
      "locked": {
        "lastModified": 1622972307,
        "narHash": "sha256-ENOu0FPCf95iLLoq2txhJtnA2ZpOFhIVBqQVbKM8ra0=",
        "owner": "NixOS",
        "repo": "nixpkgs",
        "rev": "d8eb97e3801bde96491535f40483d550b57605b9",
        "type": "github"
      },
      "original": {
        "owner": "NixOS",
        "ref": "nixpkgs-unstable",
        "repo": "nixpkgs",
        "type": "github"
      }
    },
    "nixpkgs_2": {
      "locked": {
        "lastModified": 1625281901,
        "narHash": "sha256-DkZDtTIPzhXATqIps2ifNFpnI+PTcfMYdcrx/oFm00Q=",
        "owner": "NixOS",
        "repo": "nixpkgs",
        "rev": "09c38c29f2c719cd76ca17a596c2fdac9e186ceb",
        "type": "github"
      },
      "original": {
        "owner": "NixOS",
        "ref": "nixos-unstable",
        "repo": "nixpkgs",
        "type": "github"
      }
    },
    "nixpkgs_3": {
      "locked": {
        "lastModified": 1614989413,
        "narHash": "sha256-g503bGSdVhLu2cKR5sHG8XetLFrVUzAL3+mrnQJpmdY=",
        "owner": "NixOS",
        "repo": "nixpkgs",
        "rev": "102eb68ceecbbd32ab1906a53ef5a7269dc9794a",
        "type": "github"
      },
      "original": {
        "owner": "NixOS",
        "ref": "nixos-unstable",
        "repo": "nixpkgs",
        "type": "github"
      }
    },
    "nixpkgs_4": {
      "locked": {
        "lastModified": 1623617138,
        "narHash": "sha256-zd03k0aZWdE+JjZjVbsQGCKmc1C4HIwIbW7MbI9ym6s=",
        "owner": "NixOS",
        "repo": "nixpkgs",
        "rev": "93963c27b934f24289a94b9e3784d60a9b77e92c",
        "type": "github"
      },
      "original": {
        "owner": "NixOS",
        "ref": "nixos-21.05",
        "repo": "nixpkgs",
        "type": "github"
      }
    },
    "nvidia-vgpu": {
      "locked": {
        "lastModified": 1624420541,
        "narHash": "sha256-hY0i/yBDpIlP1sjQ4Fxp+AwVtKNzQYp/0LmBiBufRP8=",
        "owner": "danielfullmer",
        "repo": "nixos-nvidia-vgpu",
        "rev": "3c1f0d45e27e6750d55f2a5e66f1bfa38bdd73b0",
        "type": "github"
      },
      "original": {
        "owner": "danielfullmer",
        "repo": "nixos-nvidia-vgpu",
        "type": "github"
      }
    },
    "pinebook-pro": {
      "flake": false,
      "locked": {
        "lastModified": 1622572024,
        "narHash": "sha256-mUKF/Tk+95TYeBLyApxsyCi98RhbkX9EFKAo6weUpiM=",
        "owner": "samueldr",
        "repo": "wip-pinebook-pro",
        "rev": "748f247ba13054114e98e7cc216b308da3b9ddf0",
        "type": "github"
      },
      "original": {
        "owner": "samueldr",
        "repo": "wip-pinebook-pro",
        "type": "github"
      }
    },
    "robotnix": {
      "inputs": {
        "androidPkgs": "androidPkgs",
        "nixpkgs": "nixpkgs_4"
      },
      "locked": {
        "lastModified": 1625172338,
        "narHash": "sha256-+fhWXMHYhJVa7EGMBGjm84DzQXdgkESKU6DBsKIGOd4=",
        "owner": "danielfullmer",
        "repo": "robotnix",
        "rev": "67774271285c5ee64944e8cb41f8e4e46756d3cc",
        "type": "github"
      },
      "original": {
        "owner": "danielfullmer",
        "repo": "robotnix",
        "type": "github"
      }
    },
    "root": {
      "inputs": {
        "deploy-rs": "deploy-rs",
        "home-manager": "home-manager",
        "nixpkgs": "nixpkgs_2",
        "nvidia-vgpu": "nvidia-vgpu",
        "pinebook-pro": "pinebook-pro",
        "robotnix": "robotnix",
        "sops-nix": "sops-nix"
      }
    },
    "sops-nix": {
      "inputs": {
        "nixpkgs": [
          "nixpkgs"
        ]
      },
      "locked": {
        "lastModified": 1625298167,
        "narHash": "sha256-lBqu1iY60leqHkrliNUsB7TPe8p6H+NcFEfKN1l1AuE=",
        "owner": "Mic92",
        "repo": "sops-nix",
        "rev": "c4f7025e5d20af51b4803d7b43f23daf06906138",
        "type": "github"
      },
      "original": {
        "owner": "Mic92",
        "repo": "sops-nix",
        "type": "github"
      }
    },
    "utils": {
      "locked": {
        "lastModified": 1622445595,
        "narHash": "sha256-m+JRe6Wc5OZ/mKw2bB3+Tl0ZbtyxxxfnAWln8Q5qs+Y=",
        "owner": "numtide",
        "repo": "flake-utils",
        "rev": "7d706970d94bc5559077eb1a6600afddcd25a7c8",
        "type": "github"
      },
      "original": {
        "owner": "numtide",
        "repo": "flake-utils",
        "type": "github"
      }
    }
  },
  "root": "root",
  "version": 7
}
